// !$*UTF8*$!
{
	archiveVersion = 1;
	classes = {
	};
	objectVersion = 46;
	objects = {

/* Begin PBXFileReference section */
		E51A4ECF1D258A6A00DFD2EC /* JSONParsingInGloss.playground */ = {isa = PBXFileReference; lastKnownFileType = file.playground; path = JSONParsingInGloss.playground; sourceTree = "<group>"; };
		E5634C091D23B6C70081A1AD /* StructVSClass.playground */ = {isa = PBXFileReference; lastKnownFileType = file.playground; path = StructVSClass.playground; sourceTree = "<group>"; };
		E5889A1D1D13F35D00EE0A28 /* ImageLiterals.playground */ = {isa = PBXFileReference; lastKnownFileType = file.playground; path = ImageLiterals.playground; sourceTree = "<group>"; };
		E58EE9BD1D16C9BD00A51BEB /* ImplementingEquatable.playground */ = {isa = PBXFileReference; lastKnownFileType = file.playground; path = ImplementingEquatable.playground; sourceTree = "<group>"; };
		E58EE9BE1D16F0AA00A51BEB /* DiagramAsValueType.playground */ = {isa = PBXFileReference; lastKnownFileType = file.playground; path = DiagramAsValueType.playground; sourceTree = "<group>"; };
		E592CEBA1D13EA1300C856BE /* ColorLiterals.playground */ = {isa = PBXFileReference; lastKnownFileType = file.playground; path = ColorLiterals.playground; sourceTree = "<group>"; };
		E59E3D5A1D23B717008AE8DC /* StructToJSON.playground */ = {isa = PBXFileReference; lastKnownFileType = file.playground; path = StructToJSON.playground; sourceTree = "<group>"; };
		E5D76ECE1D241F3C0085BEF2 /* JSONParsingInSwift.playground */ = {isa = PBXFileReference; lastKnownFileType = file.playground; path = JSONParsingInSwift.playground; sourceTree = "<group>"; };
		E5F647051D16C638001CB617 /* TemperatureClass.playground */ = {isa = PBXFileReference; lastKnownFileType = file.playground; path = TemperatureClass.playground; sourceTree = "<group>"; };
		E5F647061D16C860001CB617 /* TemperatureStruct.playground */ = {isa = PBXFileReference; lastKnownFileType = file.playground; path = TemperatureStruct.playground; sourceTree = "<group>"; };
/* End PBXFileReference section */

/* Begin PBXGroup section */
		E5408B481D13E9BF00DBE0AC = {
			isa = PBXGroup;
			children = (
				E592CEB91D13E9F000C856BE /* Playgrounds */,
			);
			sourceTree = "<group>";
		};
		E592CEB91D13E9F000C856BE /* Playgrounds */ = {
			isa = PBXGroup;
			children = (
				E5F647041D16C61B001CB617 /* ReferenceAndValueTypes */,
				E5889A1D1D13F35D00EE0A28 /* ImageLiterals.playground */,
				E592CEBA1D13EA1300C856BE /* ColorLiterals.playground */,
				E58EE9BD1D16C9BD00A51BEB /* ImplementingEquatable.playground */,
				E59E3D5A1D23B717008AE8DC /* StructToJSON.playground */,
				E51A4ECF1D258A6A00DFD2EC /* JSONParsingInGloss.playground */,
				E5D76ECE1D241F3C0085BEF2 /* JSONParsingInSwift.playground */,
			);
			path = Playgrounds;
			sourceTree = "<group>";
		};
		E5F647041D16C61B001CB617 /* ReferenceAndValueTypes */ = {
			isa = PBXGroup;
			children = (
				E5634C091D23B6C70081A1AD /* StructVSClass.playground */,
				E5F647051D16C638001CB617 /* TemperatureClass.playground */,
				E5F647061D16C860001CB617 /* TemperatureStruct.playground */,
				E58EE9BE1D16F0AA00A51BEB /* DiagramAsValueType.playground */,
			);
			path = ReferenceAndValueTypes;
			sourceTree = "<group>";
		};
/* End PBXGroup section */

/* Begin PBXProject section */
		E5408B491D13E9BF00DBE0AC /* Project object */ = {
			isa = PBXProject;
			attributes = {
				LastUpgradeCheck = 0800;
			};
			buildConfigurationList = E5408B4C1D13E9BF00DBE0AC /* Build configuration list for PBXProject "Swift3.0Playground" */;
			compatibilityVersion = "Xcode 3.2";
			developmentRegion = English;
			hasScannedForEncodings = 0;
			knownRegions = (
				en,
			);
			mainGroup = E5408B481D13E9BF00DBE0AC;
			projectDirPath = "";
			projectRoot = "";
			targets = (
			);
		};
/* End PBXProject section */

/* Begin XCBuildConfiguration section */
		E5408B4D1D13E9BF00DBE0AC /* Debug */ = {
			isa = XCBuildConfiguration;
			buildSettings = {
			};
			name = Debug;
		};
		E5408B4E1D13E9BF00DBE0AC /* Release */ = {
			isa = XCBuildConfiguration;
			buildSettings = {
			};
			name = Release;
		};
/* End XCBuildConfiguration section */

/* Begin XCConfigurationList section */
		E5408B4C1D13E9BF00DBE0AC /* Build configuration list for PBXProject "Swift3.0Playground" */ = {
			isa = XCConfigurationList;
			buildConfigurations = (
				E5408B4D1D13E9BF00DBE0AC /* Debug */,
				E5408B4E1D13E9BF00DBE0AC /* Release */,
			);
			defaultConfigurationIsVisible = 0;
			defaultConfigurationName = Release;
		};
/* End XCConfigurationList section */
	};
	rootObject = E5408B491D13E9BF00DBE0AC /* Project object */;
}
