// !$*UTF8*$!
{
	archiveVersion = 1;
	classes = {
	};
	objectVersion = 46;
	objects = {

/* Begin PBXGroup section */
		E5408B481D13E9BF00DBE0AC = {
			isa = PBXGroup;
			children = (
			);
			sourceTree = "<group>";
		};
/* End PBXGroup section */

/* Begin PBXProject section */
		E5408B491D13E9BF00DBE0AC /* Project object */ = {
			isa = PBXProject;
			attributes = {
				LastUpgradeCheck = 0800;
			};
			buildConfigurationList = E5408B4C1D13E9BF00DBE0AC /* Build configuration list for PBXProject "Swift3.0Playground" */;
			compatibilityVersion = "Xcode 3.2";
			developmentRegion = English;
			hasScannedForEncodings = 0;
			knownRegions = (
				en,
			);
			mainGroup = E5408B481D13E9BF00DBE0AC;
			projectDirPath = "";
			projectRoot = "";
			targets = (
			);
		};
/* End PBXProject section */

/* Begin XCBuildConfiguration section */
		E5408B4D1D13E9BF00DBE0AC /* Debug */ = {
			isa = XCBuildConfiguration;
			buildSettings = {
			};
			name = Debug;
		};
		E5408B4E1D13E9BF00DBE0AC /* Release */ = {
			isa = XCBuildConfiguration;
			buildSettings = {
			};
			name = Release;
		};
/* End XCBuildConfiguration section */

/* Begin XCConfigurationList section */
		E5408B4C1D13E9BF00DBE0AC /* Build configuration list for PBXProject "Swift3.0Playground" */ = {
			isa = XCConfigurationList;
			buildConfigurations = (
				E5408B4D1D13E9BF00DBE0AC /* Debug */,
				E5408B4E1D13E9BF00DBE0AC /* Release */,
			);
			defaultConfigurationIsVisible = 0;
			defaultConfigurationName = Release;
		};
/* End XCConfigurationList section */
	};
	rootObject = E5408B491D13E9BF00DBE0AC /* Project object */;
}
